
Microsoft Visual Studio Solution File, Format Version 12.00
# Visual Studio Version 17
VisualStudioVersion = 17.9.34616.47
MinimumVisualStudioVersion = 10.0.40219.1
Project("{9A19103F-16F7-4668-BE54-9A1E7A4F7556}") = "Database", "Database.csproj", "{A529D3AB-F716-4685-A1C1-3866344E7767}"
EndProject
Project("{9A19103F-16F7-4668-BE54-9A1E7A4F7556}") = "Database.Generate", "..\Generate\Database.Generate\Database.Generate.csproj", "{B2F45167-677F-4C66-B850-A1F2A746522F}"
EndProject
Global
	GlobalSection(SolutionConfigurationPlatforms) = preSolution
		Debug|Any CPU = Debug|Any CPU
		Release|Any CPU = Release|Any CPU
	EndGlobalSection
	GlobalSection(ProjectConfigurationPlatforms) = postSolution
		{A529D3AB-F716-4685-A1C1-3866344E7767}.Debug|Any CPU.ActiveCfg = Debug|Any CPU
		{A529D3AB-F716-4685-A1C1-3866344E7767}.Debug|Any CPU.Build.0 = Debug|Any CPU
		{A529D3AB-F716-4685-A1C1-3866344E7767}.Release|Any CPU.ActiveCfg = Release|Any CPU
		{A529D3AB-F716-4685-A1C1-3866344E7767}.Release|Any CPU.Build.0 = Release|Any CPU
		{B2F45167-677F-4C66-B850-A1F2A746522F}.Debug|Any CPU.ActiveCfg = Debug|Any CPU
		{B2F45167-677F-4C66-B850-A1F2A746522F}.Debug|Any CPU.Build.0 = Debug|Any CPU
		{B2F45167-677F-4C66-B850-A1F2A746522F}.Release|Any CPU.ActiveCfg = Release|Any CPU
		{B2F45167-677F-4C66-B850-A1F2A746522F}.Release|Any CPU.Build.0 = Release|Any CPU
	EndGlobalSection
	GlobalSection(SolutionProperties) = preSolution
		HideSolutionNode = FALSE
	EndGlobalSection
	GlobalSection(ExtensibilityGlobals) = postSolution
		SolutionGuid = {F8FF89F1-537B-4FA0-B514-94D8B7163633}
	EndGlobalSection
EndGlobal
